{
    "_readme": [
        "This file locks the dependencies of your project to a known state",
        "Read more about it at https://getcomposer.org/doc/01-basic-usage.md#composer-lock-the-lock-file",
        "This file is @generated automatically"
    ],
    "hash": "bf16b2c8aeb114410774b3bd11f8c04f",
    "content-hash": "ce2c5d6a295ae4209c4e47f2753552dc",
    "packages": [
        {
            "name": "ruke318/tp-orm",
            "version": "dev-master",
            "source": {
                "type": "git",
                "url": "https://github.com/ruke318/tp-orm",
                "reference": "513e9443ea9a2c65c419657721dd23a9996896ff"
            },
            "require": {
                "php": ">=5.6.0"
            },
            "type": "library",
            "autoload": {
                "psr-4": {
                    "think\\": "src"
                },
                "files": [
                    "src/config.php"
                ]
            },
            "license": [
                "MIT"
            ],
            "authors": [
                {
                    "name": "ruke",
                    "email": "ruke318@gmail.com"
                }
            ],
            "description": "think orm",
            "time": "2018-05-10 11:54:45"
        }
    ],
    "packages-dev": [],
    "aliases": [],
    "minimum-stability": "stable",
    "stability-flags": {
        "ruke318/tp-orm": 20
    },
    "prefer-stable": false,
    "prefer-lowest": false,
    "platform": [],
    "platform-dev": []
}
