{
    "_readme": [
        "This file locks the dependencies of your project to a known state",
        "Read more about it at https://getcomposer.org/doc/01-basic-usage.md#installing-dependencies",
        "This file is @generated automatically"
    ],
    "content-hash": "4cb301760cfcc2cc5319694a6134dddf",
    "packages": [
        {
            "name": "ruke318/tp-orm",
            "version": "1.0.2",
            "source": {
                "type": "git",
                "url": "https://github.com/ruke318/tp-orm.git",
                "reference": "e1414d95b81ffe9286e04f9454b40920c3b95243"
            },
            "dist": {
                "type": "zip",
                "url": "https://files.phpcomposer.com/files/ruke318/tp-orm/e1414d95b81ffe9286e04f9454b40920c3b95243.zip",
                "reference": "e1414d95b81ffe9286e04f9454b40920c3b95243",
                "shasum": ""
            },
            "require": {
                "php": ">=5.6.0"
            },
            "type": "library",
            "autoload": {
                "psr-4": {
                    "think\\": "src"
                },
                "files": [
                    "src/config.php"
                ]
            },
            "notification-url": "https://packagist.org/downloads/",
            "license": [
                "MIT"
            ],
            "authors": [
                {
                    "name": "ruke",
                    "email": "ruke318@gmail.com"
                }
            ],
            "description": "think orm",
            "time": "2018-05-13T02:16:14+00:00"
        }
    ],
    "packages-dev": [],
    "aliases": [],
    "minimum-stability": "stable",
    "stability-flags": [],
    "prefer-stable": false,
    "prefer-lowest": false,
    "platform": {
        "php": ">=5.6.0"
    },
    "platform-dev": []
}
